// !$*UTF8*$!
{
	archiveVersion = 1;
	classes = {
	};
	objectVersion = 50;
	objects = {

/* Begin PBXBuildFile section */
		BB1BE0902103296C002A96E1 /* AppDelegate.swift in Sources */ = {isa = PBXBuildFile; fileRef = BB1BE08F2103296C002A96E1 /* AppDelegate.swift */; };
		BB1BE0922103296C002A96E1 /* ViewController.swift in Sources */ = {isa = PBXBuildFile; fileRef = BB1BE0912103296C002A96E1 /* ViewController.swift */; };
		BB1BE0952103296C002A96E1 /* Main.storyboard in Resources */ = {isa = PBXBuildFile; fileRef = BB1BE0932103296C002A96E1 /* Main.storyboard */; };
		BB1BE0972103296D002A96E1 /* Assets.xcassets in Resources */ = {isa = PBXBuildFile; fileRef = BB1BE0962103296D002A96E1 /* Assets.xcassets */; };
		BB1BE09A2103296D002A96E1 /* LaunchScreen.storyboard in Resources */ = {isa = PBXBuildFile; fileRef = BB1BE0982103296D002A96E1 /* LaunchScreen.storyboard */; };
		BB1BE0A221032EA3002A96E1 /* Podfile in Resources */ = {isa = PBXBuildFile; fileRef = BB1BE0A121032EA3002A96E1 /* Podfile */; };
		C191640804EE1CB8877AF27A /* libPods-wheresavery.a in Frameworks */ = {isa = PBXBuildFile; fileRef = 87AF22EEC4C0B251771B065A /* libPods-wheresavery.a */; };
/* End PBXBuildFile section */

/* Begin PBXFileReference section */
		87AF22EEC4C0B251771B065A /* libPods-wheresavery.a */ = {isa = PBXFileReference; explicitFileType = archive.ar; includeInIndex = 0; path = "libPods-wheresavery.a"; sourceTree = BUILT_PRODUCTS_DIR; };
		9EEBD1AB77CCBFE1D8792974 /* Pods-wheresavery.debug.xcconfig */ = {isa = PBXFileReference; includeInIndex = 1; lastKnownFileType = text.xcconfig; name = "Pods-wheresavery.debug.xcconfig"; path = "Pods/Target Support Files/Pods-wheresavery/Pods-wheresavery.debug.xcconfig"; sourceTree = "<group>"; };
		B167C9AE74EB06681722C595 /* Pods-wheresavery.release.xcconfig */ = {isa = PBXFileReference; includeInIndex = 1; lastKnownFileType = text.xcconfig; name = "Pods-wheresavery.release.xcconfig"; path = "Pods/Target Support Files/Pods-wheresavery/Pods-wheresavery.release.xcconfig"; sourceTree = "<group>"; };
		BB1BE08C2103296C002A96E1 /* wheresavery.app */ = {isa = PBXFileReference; explicitFileType = wrapper.application; includeInIndex = 0; path = wheresavery.app; sourceTree = BUILT_PRODUCTS_DIR; };
		BB1BE08F2103296C002A96E1 /* AppDelegate.swift */ = {isa = PBXFileReference; lastKnownFileType = sourcecode.swift; path = AppDelegate.swift; sourceTree = "<group>"; };
		BB1BE0912103296C002A96E1 /* ViewController.swift */ = {isa = PBXFileReference; lastKnownFileType = sourcecode.swift; path = ViewController.swift; sourceTree = "<group>"; };
		BB1BE0942103296C002A96E1 /* Base */ = {isa = PBXFileReference; lastKnownFileType = file.storyboard; name = Base; path = Base.lproj/Main.storyboard; sourceTree = "<group>"; };
		BB1BE0962103296D002A96E1 /* Assets.xcassets */ = {isa = PBXFileReference; lastKnownFileType = folder.assetcatalog; path = Assets.xcassets; sourceTree = "<group>"; };
		BB1BE0992103296D002A96E1 /* Base */ = {isa = PBXFileReference; lastKnownFileType = file.storyboard; name = Base; path = Base.lproj/LaunchScreen.storyboard; sourceTree = "<group>"; };
		BB1BE09B2103296D002A96E1 /* Info.plist */ = {isa = PBXFileReference; lastKnownFileType = text.plist.xml; path = Info.plist; sourceTree = "<group>"; };
		BB1BE0A121032EA3002A96E1 /* Podfile */ = {isa = PBXFileReference; lastKnownFileType = text; path = Podfile; sourceTree = "<group>"; };
/* End PBXFileReference section */

/* Begin PBXFrameworksBuildPhase section */
		BB1BE0892103296C002A96E1 /* Frameworks */ = {
			isa = PBXFrameworksBuildPhase;
			buildActionMask = 2147483647;
			files = (
				C191640804EE1CB8877AF27A /* libPods-wheresavery.a in Frameworks */,
			);
			runOnlyForDeploymentPostprocessing = 0;
		};
/* End PBXFrameworksBuildPhase section */

/* Begin PBXGroup section */
		689F97A503549BCE63EC31EF /* Pods */ = {
			isa = PBXGroup;
			children = (
				9EEBD1AB77CCBFE1D8792974 /* Pods-wheresavery.debug.xcconfig */,
				B167C9AE74EB06681722C595 /* Pods-wheresavery.release.xcconfig */,
			);
			name = Pods;
			sourceTree = "<group>";
		};
		BB1BE0832103296C002A96E1 = {
			isa = PBXGroup;
			children = (
				BB1BE0A121032EA3002A96E1 /* Podfile */,
				BB1BE08E2103296C002A96E1 /* wheresavery */,
				BB1BE08D2103296C002A96E1 /* Products */,
				689F97A503549BCE63EC31EF /* Pods */,
				E390BDD6E8DE7A61C7423E82 /* Frameworks */,
			);
			sourceTree = "<group>";
		};
		BB1BE08D2103296C002A96E1 /* Products */ = {
			isa = PBXGroup;
			children = (
				BB1BE08C2103296C002A96E1 /* wheresavery.app */,
			);
			name = Products;
			sourceTree = "<group>";
		};
		BB1BE08E2103296C002A96E1 /* wheresavery */ = {
			isa = PBXGroup;
			children = (
				BB1BE08F2103296C002A96E1 /* AppDelegate.swift */,
				BB1BE0912103296C002A96E1 /* ViewController.swift */,
				BB1BE0932103296C002A96E1 /* Main.storyboard */,
				BB1BE0962103296D002A96E1 /* Assets.xcassets */,
				BB1BE0982103296D002A96E1 /* LaunchScreen.storyboard */,
				BB1BE09B2103296D002A96E1 /* Info.plist */,
			);
			path = wheresavery;
			sourceTree = "<group>";
		};
		E390BDD6E8DE7A61C7423E82 /* Frameworks */ = {
			isa = PBXGroup;
			children = (
				87AF22EEC4C0B251771B065A /* libPods-wheresavery.a */,
			);
			name = Frameworks;
			sourceTree = "<group>";
		};
/* End PBXGroup section */

/* Begin PBXNativeTarget section */
		BB1BE08B2103296C002A96E1 /* wheresavery */ = {
			isa = PBXNativeTarget;
			buildConfigurationList = BB1BE09E2103296D002A96E1 /* Build configuration list for PBXNativeTarget "wheresavery" */;
			buildPhases = (
				09FD8683F998C12DCCAD00EF /* [CP] Check Pods Manifest.lock */,
				BB1BE0882103296C002A96E1 /* Sources */,
				BB1BE0892103296C002A96E1 /* Frameworks */,
				BB1BE08A2103296C002A96E1 /* Resources */,
				39D7944FC42D82FF5AC7F7F0 /* [CP] Copy Pods Resources */,
			);
			buildRules = (
			);
			dependencies = (
			);
			name = wheresavery;
			productName = wheresavery;
			productReference = BB1BE08C2103296C002A96E1 /* wheresavery.app */;
			productType = "com.apple.product-type.application";
		};
/* End PBXNativeTarget section */

/* Begin PBXProject section */
		BB1BE0842103296C002A96E1 /* Project object */ = {
			isa = PBXProject;
			attributes = {
				LastSwiftUpdateCheck = 0940;
				LastUpgradeCheck = 0940;
				ORGANIZATIONNAME = "Avery Ni";
				TargetAttributes = {
					BB1BE08B2103296C002A96E1 = {
						CreatedOnToolsVersion = 9.4.1;
					};
				};
			};
			buildConfigurationList = BB1BE0872103296C002A96E1 /* Build configuration list for PBXProject "wheresavery" */;
			compatibilityVersion = "Xcode 9.3";
			developmentRegion = en;
			hasScannedForEncodings = 0;
			knownRegions = (
				en,
				Base,
			);
			mainGroup = BB1BE0832103296C002A96E1;
			productRefGroup = BB1BE08D2103296C002A96E1 /* Products */;
			projectDirPath = "";
			projectRoot = "";
			targets = (
				BB1BE08B2103296C002A96E1 /* wheresavery */,
			);
		};
/* End PBXProject section */

/* Begin PBXResourcesBuildPhase section */
		BB1BE08A2103296C002A96E1 /* Resources */ = {
			isa = PBXResourcesBuildPhase;
			buildActionMask = 2147483647;
			files = (
				BB1BE09A2103296D002A96E1 /* LaunchScreen.storyboard in Resources */,
				BB1BE0972103296D002A96E1 /* Assets.xcassets in Resources */,
				BB1BE0A221032EA3002A96E1 /* Podfile in Resources */,
				BB1BE0952103296C002A96E1 /* Main.storyboard in Resources */,
			);
			runOnlyForDeploymentPostprocessing = 0;
		};
/* End PBXResourcesBuildPhase section */

/* Begin PBXShellScriptBuildPhase section */
		09FD8683F998C12DCCAD00EF /* [CP] Check Pods Manifest.lock */ = {
			isa = PBXShellScriptBuildPhase;
			buildActionMask = 2147483647;
			files = (
			);
			inputPaths = (
				"${PODS_PODFILE_DIR_PATH}/Podfile.lock",
				"${PODS_ROOT}/Manifest.lock",
			);
			name = "[CP] Check Pods Manifest.lock";
			outputPaths = (
				"$(DERIVED_FILE_DIR)/Pods-wheresavery-checkManifestLockResult.txt",
			);
			runOnlyForDeploymentPostprocessing = 0;
			shellPath = /bin/sh;
			shellScript = "diff \"${PODS_PODFILE_DIR_PATH}/Podfile.lock\" \"${PODS_ROOT}/Manifest.lock\" > /dev/null\nif [ $? != 0 ] ; then\n    # print error to STDERR\n    echo \"error: The sandbox is not in sync with the Podfile.lock. Run 'pod install' or update your CocoaPods installation.\" >&2\n    exit 1\nfi\n# This output is used by Xcode 'outputs' to avoid re-running this script phase.\necho \"SUCCESS\" > \"${SCRIPT_OUTPUT_FILE_0}\"\n";
			showEnvVarsInLog = 0;
		};
		39D7944FC42D82FF5AC7F7F0 /* [CP] Copy Pods Resources */ = {
			isa = PBXShellScriptBuildPhase;
			buildActionMask = 2147483647;
			files = (
			);
			inputPaths = (
				"${SRCROOT}/Pods/Target Support Files/Pods-wheresavery/Pods-wheresavery-resources.sh",
				"${PODS_ROOT}/GoogleMaps/Maps/Frameworks/GoogleMaps.framework/Resources/GoogleMaps.bundle",
				"${PODS_ROOT}/GooglePlaces/Frameworks/GooglePlaces.framework/Resources/GooglePlaces.bundle",
			);
			name = "[CP] Copy Pods Resources";
			outputPaths = (
				"${TARGET_BUILD_DIR}/${UNLOCALIZED_RESOURCES_FOLDER_PATH}/GoogleMaps.bundle",
				"${TARGET_BUILD_DIR}/${UNLOCALIZED_RESOURCES_FOLDER_PATH}/GooglePlaces.bundle",
			);
			runOnlyForDeploymentPostprocessing = 0;
			shellPath = /bin/sh;
			shellScript = "\"${SRCROOT}/Pods/Target Support Files/Pods-wheresavery/Pods-wheresavery-resources.sh\"\n";
			showEnvVarsInLog = 0;
		};
/* End PBXShellScriptBuildPhase section */

/* Begin PBXSourcesBuildPhase section */
		BB1BE0882103296C002A96E1 /* Sources */ = {
			isa = PBXSourcesBuildPhase;
			buildActionMask = 2147483647;
			files = (
				BB1BE0922103296C002A96E1 /* ViewController.swift in Sources */,
				BB1BE0902103296C002A96E1 /* AppDelegate.swift in Sources */,
			);
			runOnlyForDeploymentPostprocessing = 0;
		};
/* End PBXSourcesBuildPhase section */

/* Begin PBXVariantGroup section */
		BB1BE0932103296C002A96E1 /* Main.storyboard */ = {
			isa = PBXVariantGroup;
			children = (
				BB1BE0942103296C002A96E1 /* Base */,
			);
			name = Main.storyboard;
			sourceTree = "<group>";
		};
		BB1BE0982103296D002A96E1 /* LaunchScreen.storyboard */ = {
			isa = PBXVariantGroup;
			children = (
				BB1BE0992103296D002A96E1 /* Base */,
			);
			name = LaunchScreen.storyboard;
			sourceTree = "<group>";
		};
/* End PBXVariantGroup section */

/* Begin XCBuildConfiguration section */
		BB1BE09C2103296D002A96E1 /* Debug */ = {
			isa = XCBuildConfiguration;
			buildSettings = {
				ALWAYS_SEARCH_USER_PATHS = NO;
				CLANG_ANALYZER_NONNULL = YES;
				CLANG_ANALYZER_NUMBER_OBJECT_CONVERSION = YES_AGGRESSIVE;
				CLANG_CXX_LANGUAGE_STANDARD = "gnu++14";
				CLANG_CXX_LIBRARY = "libc++";
				CLANG_ENABLE_MODULES = YES;
				CLANG_ENABLE_OBJC_ARC = YES;
				CLANG_ENABLE_OBJC_WEAK = YES;
				CLANG_WARN_BLOCK_CAPTURE_AUTORELEASING = YES;
				CLANG_WARN_BOOL_CONVERSION = YES;
				CLANG_WARN_COMMA = YES;
				CLANG_WARN_CONSTANT_CONVERSION = YES;
				CLANG_WARN_DEPRECATED_OBJC_IMPLEMENTATIONS = YES;
				CLANG_WARN_DIRECT_OBJC_ISA_USAGE = YES_ERROR;
				CLANG_WARN_DOCUMENTATION_COMMENTS = YES;
				CLANG_WARN_EMPTY_BODY = YES;
				CLANG_WARN_ENUM_CONVERSION = YES;
				CLANG_WARN_INFINITE_RECURSION = YES;
				CLANG_WARN_INT_CONVERSION = YES;
				CLANG_WARN_NON_LITERAL_NULL_CONVERSION = YES;
				CLANG_WARN_OBJC_IMPLICIT_RETAIN_SELF = YES;
				CLANG_WARN_OBJC_LITERAL_CONVERSION = YES;
				CLANG_WARN_OBJC_ROOT_CLASS = YES_ERROR;
				CLANG_WARN_RANGE_LOOP_ANALYSIS = YES;
				CLANG_WARN_STRICT_PROTOTYPES = YES;
				CLANG_WARN_SUSPICIOUS_MOVE = YES;
				CLANG_WARN_UNGUARDED_AVAILABILITY = YES_AGGRESSIVE;
				CLANG_WARN_UNREACHABLE_CODE = YES;
				CLANG_WARN__DUPLICATE_METHOD_MATCH = YES;
				CODE_SIGN_IDENTITY = "iPhone Developer";
				COPY_PHASE_STRIP = NO;
				DEBUG_INFORMATION_FORMAT = dwarf;
				ENABLE_STRICT_OBJC_MSGSEND = YES;
				ENABLE_TESTABILITY = YES;
				GCC_C_LANGUAGE_STANDARD = gnu11;
				GCC_DYNAMIC_NO_PIC = NO;
				GCC_NO_COMMON_BLOCKS = YES;
				GCC_OPTIMIZATION_LEVEL = 0;
				GCC_PREPROCESSOR_DEFINITIONS = (
					"DEBUG=1",
					"$(inherited)",
				);
				GCC_WARN_64_TO_32_BIT_CONVERSION = YES;
				GCC_WARN_ABOUT_RETURN_TYPE = YES_ERROR;
				GCC_WARN_UNDECLARED_SELECTOR = YES;
				GCC_WARN_UNINITIALIZED_AUTOS = YES_AGGRESSIVE;
				GCC_WARN_UNUSED_FUNCTION = YES;
				GCC_WARN_UNUSED_VARIABLE = YES;
				IPHONEOS_DEPLOYMENT_TARGET = 11.4;
				MTL_ENABLE_DEBUG_INFO = YES;
				ONLY_ACTIVE_ARCH = YES;
				SDKROOT = iphoneos;
				SWIFT_ACTIVE_COMPILATION_CONDITIONS = DEBUG;
				SWIFT_OPTIMIZATION_LEVEL = "-Onone";
			};
			name = Debug;
		};
		BB1BE09D2103296D002A96E1 /* Release */ = {
			isa = XCBuildConfiguration;
			buildSettings = {
				ALWAYS_SEARCH_USER_PATHS = NO;
				CLANG_ANALYZER_NONNULL = YES;
				CLANG_ANALYZER_NUMBER_OBJECT_CONVERSION = YES_AGGRESSIVE;
				CLANG_CXX_LANGUAGE_STANDARD = "gnu++14";
				CLANG_CXX_LIBRARY = "libc++";
				CLANG_ENABLE_MODULES = YES;
				CLANG_ENABLE_OBJC_ARC = YES;
				CLANG_ENABLE_OBJC_WEAK = YES;
				CLANG_WARN_BLOCK_CAPTURE_AUTORELEASING = YES;
				CLANG_WARN_BOOL_CONVERSION = YES;
				CLANG_WARN_COMMA = YES;
				CLANG_WARN_CONSTANT_CONVERSION = YES;
				CLANG_WARN_DEPRECATED_OBJC_IMPLEMENTATIONS = YES;
				CLANG_WARN_DIRECT_OBJC_ISA_USAGE = YES_ERROR;
				CLANG_WARN_DOCUMENTATION_COMMENTS = YES;
				CLANG_WARN_EMPTY_BODY = YES;
				CLANG_WARN_ENUM_CONVERSION = YES;
				CLANG_WARN_INFINITE_RECURSION = YES;
				CLANG_WARN_INT_CONVERSION = YES;
				CLANG_WARN_NON_LITERAL_NULL_CONVERSION = YES;
				CLANG_WARN_OBJC_IMPLICIT_RETAIN_SELF = YES;
				CLANG_WARN_OBJC_LITERAL_CONVERSION = YES;
				CLANG_WARN_OBJC_ROOT_CLASS = YES_ERROR;
				CLANG_WARN_RANGE_LOOP_ANALYSIS = YES;
				CLANG_WARN_STRICT_PROTOTYPES = YES;
				CLANG_WARN_SUSPICIOUS_MOVE = YES;
				CLANG_WARN_UNGUARDED_AVAILABILITY = YES_AGGRESSIVE;
				CLANG_WARN_UNREACHABLE_CODE = YES;
				CLANG_WARN__DUPLICATE_METHOD_MATCH = YES;
				CODE_SIGN_IDENTITY = "iPhone Developer";
				COPY_PHASE_STRIP = NO;
				DEBUG_INFORMATION_FORMAT = "dwarf-with-dsym";
				ENABLE_NS_ASSERTIONS = NO;
				ENABLE_STRICT_OBJC_MSGSEND = YES;
				GCC_C_LANGUAGE_STANDARD = gnu11;
				GCC_NO_COMMON_BLOCKS = YES;
				GCC_WARN_64_TO_32_BIT_CONVERSION = YES;
				GCC_WARN_ABOUT_RETURN_TYPE = YES_ERROR;
				GCC_WARN_UNDECLARED_SELECTOR = YES;
				GCC_WARN_UNINITIALIZED_AUTOS = YES_AGGRESSIVE;
				GCC_WARN_UNUSED_FUNCTION = YES;
				GCC_WARN_UNUSED_VARIABLE = YES;
				IPHONEOS_DEPLOYMENT_TARGET = 11.4;
				MTL_ENABLE_DEBUG_INFO = NO;
				SDKROOT = iphoneos;
				SWIFT_COMPILATION_MODE = wholemodule;
				SWIFT_OPTIMIZATION_LEVEL = "-O";
				VALIDATE_PRODUCT = YES;
			};
			name = Release;
		};
		BB1BE09F2103296D002A96E1 /* Debug */ = {
			isa = XCBuildConfiguration;
			baseConfigurationReference = 9EEBD1AB77CCBFE1D8792974 /* Pods-wheresavery.debug.xcconfig */;
			buildSettings = {
				ASSETCATALOG_COMPILER_APPICON_NAME = AppIcon;
				CODE_SIGN_STYLE = Automatic;
				INFOPLIST_FILE = wheresavery/Info.plist;
				LD_RUNPATH_SEARCH_PATHS = (
					"$(inherited)",
					"@executable_path/Frameworks",
				);
				PRODUCT_BUNDLE_IDENTIFIER = avery.wheresavery;
				PRODUCT_NAME = "$(TARGET_NAME)";
				SWIFT_VERSION = 4.0;
				TARGETED_DEVICE_FAMILY = "1,2";
			};
			name = Debug;
		};
		BB1BE0A02103296D002A96E1 /* Release */ = {
			isa = XCBuildConfiguration;
			baseConfigurationReference = B167C9AE74EB06681722C595 /* Pods-wheresavery.release.xcconfig */;
			buildSettings = {
				ASSETCATALOG_COMPILER_APPICON_NAME = AppIcon;
				CODE_SIGN_STYLE = Automatic;
				INFOPLIST_FILE = wheresavery/Info.plist;
				LD_RUNPATH_SEARCH_PATHS = (
					"$(inherited)",
					"@executable_path/Frameworks",
				);
				PRODUCT_BUNDLE_IDENTIFIER = avery.wheresavery;
				PRODUCT_NAME = "$(TARGET_NAME)";
				SWIFT_VERSION = 4.0;
				TARGETED_DEVICE_FAMILY = "1,2";
			};
			name = Release;
		};
/* End XCBuildConfiguration section */

/* Begin XCConfigurationList section */
		BB1BE0872103296C002A96E1 /* Build configuration list for PBXProject "wheresavery" */ = {
			isa = XCConfigurationList;
			buildConfigurations = (
				BB1BE09C2103296D002A96E1 /* Debug */,
				BB1BE09D2103296D002A96E1 /* Release */,
			);
			defaultConfigurationIsVisible = 0;
			defaultConfigurationName = Release;
		};
		BB1BE09E2103296D002A96E1 /* Build configuration list for PBXNativeTarget "wheresavery" */ = {
			isa = XCConfigurationList;
			buildConfigurations = (
				BB1BE09F2103296D002A96E1 /* Debug */,
				BB1BE0A02103296D002A96E1 /* Release */,
			);
			defaultConfigurationIsVisible = 0;
			defaultConfigurationName = Release;
		};
/* End XCConfigurationList section */
	};
	rootObject = BB1BE0842103296C002A96E1 /* Project object */;
}
